// !$*UTF8*$!
{
	archiveVersion = 1;
	classes = {
	};
	objectVersion = 50;
	objects = {

/* Begin PBXBuildFile section */
		CE049EC02204A65E0007DDDD /* AppDelegate.swift in Sources */ = {isa = PBXBuildFile; fileRef = CE049EBF2204A65E0007DDDD /* AppDelegate.swift */; };
		CE049EC22204A65E0007DDDD /* ViewController.swift in Sources */ = {isa = PBXBuildFile; fileRef = CE049EC12204A65E0007DDDD /* ViewController.swift */; };
		CE049EC52204A65E0007DDDD /* Main.storyboard in Resources */ = {isa = PBXBuildFile; fileRef = CE049EC32204A65E0007DDDD /* Main.storyboard */; };
		CE049EC72204A65F0007DDDD /* Assets.xcassets in Resources */ = {isa = PBXBuildFile; fileRef = CE049EC62204A65F0007DDDD /* Assets.xcassets */; };
		CE049ECA2204A65F0007DDDD /* LaunchScreen.storyboard in Resources */ = {isa = PBXBuildFile; fileRef = CE049EC82204A65F0007DDDD /* LaunchScreen.storyboard */; };
		CE049ED52204A65F0007DDDD /* CallAndSmsDemoTests.swift in Sources */ = {isa = PBXBuildFile; fileRef = CE049ED42204A65F0007DDDD /* CallAndSmsDemoTests.swift */; };
		CE049EE02204A65F0007DDDD /* CallAndSmsDemoUITests.swift in Sources */ = {isa = PBXBuildFile; fileRef = CE049EDF2204A65F0007DDDD /* CallAndSmsDemoUITests.swift */; };
/* End PBXBuildFile section */

/* Begin PBXContainerItemProxy section */
		CE049ED12204A65F0007DDDD /* PBXContainerItemProxy */ = {
			isa = PBXContainerItemProxy;
			containerPortal = CE049EB42204A65E0007DDDD /* Project object */;
			proxyType = 1;
			remoteGlobalIDString = CE049EBB2204A65E0007DDDD;
			remoteInfo = CallAndSmsDemo;
		};
		CE049EDC2204A65F0007DDDD /* PBXContainerItemProxy */ = {
			isa = PBXContainerItemProxy;
			containerPortal = CE049EB42204A65E0007DDDD /* Project object */;
			proxyType = 1;
			remoteGlobalIDString = CE049EBB2204A65E0007DDDD;
			remoteInfo = CallAndSmsDemo;
		};
/* End PBXContainerItemProxy section */

/* Begin PBXFileReference section */
		CE049EBC2204A65E0007DDDD /* CallAndSmsDemo.app */ = {isa = PBXFileReference; explicitFileType = wrapper.application; includeInIndex = 0; path = CallAndSmsDemo.app; sourceTree = BUILT_PRODUCTS_DIR; };
		CE049EBF2204A65E0007DDDD /* AppDelegate.swift */ = {isa = PBXFileReference; lastKnownFileType = sourcecode.swift; path = AppDelegate.swift; sourceTree = "<group>"; };
		CE049EC12204A65E0007DDDD /* ViewController.swift */ = {isa = PBXFileReference; lastKnownFileType = sourcecode.swift; path = ViewController.swift; sourceTree = "<group>"; };
		CE049EC42204A65E0007DDDD /* Base */ = {isa = PBXFileReference; lastKnownFileType = file.storyboard; name = Base; path = Base.lproj/Main.storyboard; sourceTree = "<group>"; };
		CE049EC62204A65F0007DDDD /* Assets.xcassets */ = {isa = PBXFileReference; lastKnownFileType = folder.assetcatalog; path = Assets.xcassets; sourceTree = "<group>"; };
		CE049EC92204A65F0007DDDD /* Base */ = {isa = PBXFileReference; lastKnownFileType = file.storyboard; name = Base; path = Base.lproj/LaunchScreen.storyboard; sourceTree = "<group>"; };
		CE049ECB2204A65F0007DDDD /* Info.plist */ = {isa = PBXFileReference; lastKnownFileType = text.plist.xml; path = Info.plist; sourceTree = "<group>"; };
		CE049ED02204A65F0007DDDD /* CallAndSmsDemoTests.xctest */ = {isa = PBXFileReference; explicitFileType = wrapper.cfbundle; includeInIndex = 0; path = CallAndSmsDemoTests.xctest; sourceTree = BUILT_PRODUCTS_DIR; };
		CE049ED42204A65F0007DDDD /* CallAndSmsDemoTests.swift */ = {isa = PBXFileReference; lastKnownFileType = sourcecode.swift; path = CallAndSmsDemoTests.swift; sourceTree = "<group>"; };
		CE049ED62204A65F0007DDDD /* Info.plist */ = {isa = PBXFileReference; lastKnownFileType = text.plist.xml; path = Info.plist; sourceTree = "<group>"; };
		CE049EDB2204A65F0007DDDD /* CallAndSmsDemoUITests.xctest */ = {isa = PBXFileReference; explicitFileType = wrapper.cfbundle; includeInIndex = 0; path = CallAndSmsDemoUITests.xctest; sourceTree = BUILT_PRODUCTS_DIR; };
		CE049EDF2204A65F0007DDDD /* CallAndSmsDemoUITests.swift */ = {isa = PBXFileReference; lastKnownFileType = sourcecode.swift; path = CallAndSmsDemoUITests.swift; sourceTree = "<group>"; };
		CE049EE12204A65F0007DDDD /* Info.plist */ = {isa = PBXFileReference; lastKnownFileType = text.plist.xml; path = Info.plist; sourceTree = "<group>"; };
/* End PBXFileReference section */

/* Begin PBXFrameworksBuildPhase section */
		CE049EB92204A65E0007DDDD /* Frameworks */ = {
			isa = PBXFrameworksBuildPhase;
			buildActionMask = 2147483647;
			files = (
			);
			runOnlyForDeploymentPostprocessing = 0;
		};
		CE049ECD2204A65F0007DDDD /* Frameworks */ = {
			isa = PBXFrameworksBuildPhase;
			buildActionMask = 2147483647;
			files = (
			);
			runOnlyForDeploymentPostprocessing = 0;
		};
		CE049ED82204A65F0007DDDD /* Frameworks */ = {
			isa = PBXFrameworksBuildPhase;
			buildActionMask = 2147483647;
			files = (
			);
			runOnlyForDeploymentPostprocessing = 0;
		};
/* End PBXFrameworksBuildPhase section */

/* Begin PBXGroup section */
		CE049EB32204A65E0007DDDD = {
			isa = PBXGroup;
			children = (
				CE049EBE2204A65E0007DDDD /* CallAndSmsDemo */,
				CE049ED32204A65F0007DDDD /* CallAndSmsDemoTests */,
				CE049EDE2204A65F0007DDDD /* CallAndSmsDemoUITests */,
				CE049EBD2204A65E0007DDDD /* Products */,
			);
			sourceTree = "<group>";
		};
		CE049EBD2204A65E0007DDDD /* Products */ = {
			isa = PBXGroup;
			children = (
				CE049EBC2204A65E0007DDDD /* CallAndSmsDemo.app */,
				CE049ED02204A65F0007DDDD /* CallAndSmsDemoTests.xctest */,
				CE049EDB2204A65F0007DDDD /* CallAndSmsDemoUITests.xctest */,
			);
			name = Products;
			sourceTree = "<group>";
		};
		CE049EBE2204A65E0007DDDD /* CallAndSmsDemo */ = {
			isa = PBXGroup;
			children = (
				CE049EBF2204A65E0007DDDD /* AppDelegate.swift */,
				CE049EC12204A65E0007DDDD /* ViewController.swift */,
				CE049EC32204A65E0007DDDD /* Main.storyboard */,
				CE049EC62204A65F0007DDDD /* Assets.xcassets */,
				CE049EC82204A65F0007DDDD /* LaunchScreen.storyboard */,
				CE049ECB2204A65F0007DDDD /* Info.plist */,
			);
			path = CallAndSmsDemo;
			sourceTree = "<group>";
		};
		CE049ED32204A65F0007DDDD /* CallAndSmsDemoTests */ = {
			isa = PBXGroup;
			children = (
				CE049ED42204A65F0007DDDD /* CallAndSmsDemoTests.swift */,
				CE049ED62204A65F0007DDDD /* Info.plist */,
			);
			path = CallAndSmsDemoTests;
			sourceTree = "<group>";
		};
		CE049EDE2204A65F0007DDDD /* CallAndSmsDemoUITests */ = {
			isa = PBXGroup;
			children = (
				CE049EDF2204A65F0007DDDD /* CallAndSmsDemoUITests.swift */,
				CE049EE12204A65F0007DDDD /* Info.plist */,
			);
			path = CallAndSmsDemoUITests;
			sourceTree = "<group>";
		};
/* End PBXGroup section */

/* Begin PBXNativeTarget section */
		CE049EBB2204A65E0007DDDD /* CallAndSmsDemo */ = {
			isa = PBXNativeTarget;
			buildConfigurationList = CE049EE42204A65F0007DDDD /* Build configuration list for PBXNativeTarget "CallAndSmsDemo" */;
			buildPhases = (
				CE049EB82204A65E0007DDDD /* Sources */,
				CE049EB92204A65E0007DDDD /* Frameworks */,
				CE049EBA2204A65E0007DDDD /* Resources */,
			);
			buildRules = (
			);
			dependencies = (
			);
			name = CallAndSmsDemo;
			productName = CallAndSmsDemo;
			productReference = CE049EBC2204A65E0007DDDD /* CallAndSmsDemo.app */;
			productType = "com.apple.product-type.application";
		};
		CE049ECF2204A65F0007DDDD /* CallAndSmsDemoTests */ = {
			isa = PBXNativeTarget;
			buildConfigurationList = CE049EE72204A65F0007DDDD /* Build configuration list for PBXNativeTarget "CallAndSmsDemoTests" */;
			buildPhases = (
				CE049ECC2204A65F0007DDDD /* Sources */,
				CE049ECD2204A65F0007DDDD /* Frameworks */,
				CE049ECE2204A65F0007DDDD /* Resources */,
			);
			buildRules = (
			);
			dependencies = (
				CE049ED22204A65F0007DDDD /* PBXTargetDependency */,
			);
			name = CallAndSmsDemoTests;
			productName = CallAndSmsDemoTests;
			productReference = CE049ED02204A65F0007DDDD /* CallAndSmsDemoTests.xctest */;
			productType = "com.apple.product-type.bundle.unit-test";
		};
		CE049EDA2204A65F0007DDDD /* CallAndSmsDemoUITests */ = {
			isa = PBXNativeTarget;
			buildConfigurationList = CE049EEA2204A65F0007DDDD /* Build configuration list for PBXNativeTarget "CallAndSmsDemoUITests" */;
			buildPhases = (
				CE049ED72204A65F0007DDDD /* Sources */,
				CE049ED82204A65F0007DDDD /* Frameworks */,
				CE049ED92204A65F0007DDDD /* Resources */,
			);
			buildRules = (
			);
			dependencies = (
				CE049EDD2204A65F0007DDDD /* PBXTargetDependency */,
			);
			name = CallAndSmsDemoUITests;
			productName = CallAndSmsDemoUITests;
			productReference = CE049EDB2204A65F0007DDDD /* CallAndSmsDemoUITests.xctest */;
			productType = "com.apple.product-type.bundle.ui-testing";
		};
/* End PBXNativeTarget section */

/* Begin PBXProject section */
		CE049EB42204A65E0007DDDD /* Project object */ = {
			isa = PBXProject;
			attributes = {
				LastSwiftUpdateCheck = 0940;
				LastUpgradeCheck = 0940;
				ORGANIZATIONNAME = mCubes;
				TargetAttributes = {
					CE049EBB2204A65E0007DDDD = {
						CreatedOnToolsVersion = 9.4.1;
					};
					CE049ECF2204A65F0007DDDD = {
						CreatedOnToolsVersion = 9.4.1;
						TestTargetID = CE049EBB2204A65E0007DDDD;
					};
					CE049EDA2204A65F0007DDDD = {
						CreatedOnToolsVersion = 9.4.1;
						TestTargetID = CE049EBB2204A65E0007DDDD;
					};
				};
			};
			buildConfigurationList = CE049EB72204A65E0007DDDD /* Build configuration list for PBXProject "CallAndSmsDemo" */;
			compatibilityVersion = "Xcode 9.3";
			developmentRegion = en;
			hasScannedForEncodings = 0;
			knownRegions = (
				en,
				Base,
			);
			mainGroup = CE049EB32204A65E0007DDDD;
			productRefGroup = CE049EBD2204A65E0007DDDD /* Products */;
			projectDirPath = "";
			projectRoot = "";
			targets = (
				CE049EBB2204A65E0007DDDD /* CallAndSmsDemo */,
				CE049ECF2204A65F0007DDDD /* CallAndSmsDemoTests */,
				CE049EDA2204A65F0007DDDD /* CallAndSmsDemoUITests */,
			);
		};
/* End PBXProject section */

/* Begin PBXResourcesBuildPhase section */
		CE049EBA2204A65E0007DDDD /* Resources */ = {
			isa = PBXResourcesBuildPhase;
			buildActionMask = 2147483647;
			files = (
				CE049ECA2204A65F0007DDDD /* LaunchScreen.storyboard in Resources */,
				CE049EC72204A65F0007DDDD /* Assets.xcassets in Resources */,
				CE049EC52204A65E0007DDDD /* Main.storyboard in Resources */,
			);
			runOnlyForDeploymentPostprocessing = 0;
		};
		CE049ECE2204A65F0007DDDD /* Resources */ = {
			isa = PBXResourcesBuildPhase;
			buildActionMask = 2147483647;
			files = (
			);
			runOnlyForDeploymentPostprocessing = 0;
		};
		CE049ED92204A65F0007DDDD /* Resources */ = {
			isa = PBXResourcesBuildPhase;
			buildActionMask = 2147483647;
			files = (
			);
			runOnlyForDeploymentPostprocessing = 0;
		};
/* End PBXResourcesBuildPhase section */

/* Begin PBXSourcesBuildPhase section */
		CE049EB82204A65E0007DDDD /* Sources */ = {
			isa = PBXSourcesBuildPhase;
			buildActionMask = 2147483647;
			files = (
				CE049EC22204A65E0007DDDD /* ViewController.swift in Sources */,
				CE049EC02204A65E0007DDDD /* AppDelegate.swift in Sources */,
			);
			runOnlyForDeploymentPostprocessing = 0;
		};
		CE049ECC2204A65F0007DDDD /* Sources */ = {
			isa = PBXSourcesBuildPhase;
			buildActionMask = 2147483647;
			files = (
				CE049ED52204A65F0007DDDD /* CallAndSmsDemoTests.swift in Sources */,
			);
			runOnlyForDeploymentPostprocessing = 0;
		};
		CE049ED72204A65F0007DDDD /* Sources */ = {
			isa = PBXSourcesBuildPhase;
			buildActionMask = 2147483647;
			files = (
				CE049EE02204A65F0007DDDD /* CallAndSmsDemoUITests.swift in Sources */,
			);
			runOnlyForDeploymentPostprocessing = 0;
		};
/* End PBXSourcesBuildPhase section */

/* Begin PBXTargetDependency section */
		CE049ED22204A65F0007DDDD /* PBXTargetDependency */ = {
			isa = PBXTargetDependency;
			target = CE049EBB2204A65E0007DDDD /* CallAndSmsDemo */;
			targetProxy = CE049ED12204A65F0007DDDD /* PBXContainerItemProxy */;
		};
		CE049EDD2204A65F0007DDDD /* PBXTargetDependency */ = {
			isa = PBXTargetDependency;
			target = CE049EBB2204A65E0007DDDD /* CallAndSmsDemo */;
			targetProxy = CE049EDC2204A65F0007DDDD /* PBXContainerItemProxy */;
		};
/* End PBXTargetDependency section */

/* Begin PBXVariantGroup section */
		CE049EC32204A65E0007DDDD /* Main.storyboard */ = {
			isa = PBXVariantGroup;
			children = (
				CE049EC42204A65E0007DDDD /* Base */,
			);
			name = Main.storyboard;
			sourceTree = "<group>";
		};
		CE049EC82204A65F0007DDDD /* LaunchScreen.storyboard */ = {
			isa = PBXVariantGroup;
			children = (
				CE049EC92204A65F0007DDDD /* Base */,
			);
			name = LaunchScreen.storyboard;
			sourceTree = "<group>";
		};
/* End PBXVariantGroup section */

/* Begin XCBuildConfiguration section */
		CE049EE22204A65F0007DDDD /* Debug */ = {
			isa = XCBuildConfiguration;
			buildSettings = {
				ALWAYS_SEARCH_USER_PATHS = NO;
				CLANG_ANALYZER_NONNULL = YES;
				CLANG_ANALYZER_NUMBER_OBJECT_CONVERSION = YES_AGGRESSIVE;
				CLANG_CXX_LANGUAGE_STANDARD = "gnu++14";
				CLANG_CXX_LIBRARY = "libc++";
				CLANG_ENABLE_MODULES = YES;
				CLANG_ENABLE_OBJC_ARC = YES;
				CLANG_ENABLE_OBJC_WEAK = YES;
				CLANG_WARN_BLOCK_CAPTURE_AUTORELEASING = YES;
				CLANG_WARN_BOOL_CONVERSION = YES;
				CLANG_WARN_COMMA = YES;
				CLANG_WARN_CONSTANT_CONVERSION = YES;
				CLANG_WARN_DEPRECATED_OBJC_IMPLEMENTATIONS = YES;
				CLANG_WARN_DIRECT_OBJC_ISA_USAGE = YES_ERROR;
				CLANG_WARN_DOCUMENTATION_COMMENTS = YES;
				CLANG_WARN_EMPTY_BODY = YES;
				CLANG_WARN_ENUM_CONVERSION = YES;
				CLANG_WARN_INFINITE_RECURSION = YES;
				CLANG_WARN_INT_CONVERSION = YES;
				CLANG_WARN_NON_LITERAL_NULL_CONVERSION = YES;
				CLANG_WARN_OBJC_IMPLICIT_RETAIN_SELF = YES;
				CLANG_WARN_OBJC_LITERAL_CONVERSION = YES;
				CLANG_WARN_OBJC_ROOT_CLASS = YES_ERROR;
				CLANG_WARN_RANGE_LOOP_ANALYSIS = YES;
				CLANG_WARN_STRICT_PROTOTYPES = YES;
				CLANG_WARN_SUSPICIOUS_MOVE = YES;
				CLANG_WARN_UNGUARDED_AVAILABILITY = YES_AGGRESSIVE;
				CLANG_WARN_UNREACHABLE_CODE = YES;
				CLANG_WARN__DUPLICATE_METHOD_MATCH = YES;
				CODE_SIGN_IDENTITY = "iPhone Developer";
				COPY_PHASE_STRIP = NO;
				DEBUG_INFORMATION_FORMAT = dwarf;
				ENABLE_STRICT_OBJC_MSGSEND = YES;
				ENABLE_TESTABILITY = YES;
				GCC_C_LANGUAGE_STANDARD = gnu11;
				GCC_DYNAMIC_NO_PIC = NO;
				GCC_NO_COMMON_BLOCKS = YES;
				GCC_OPTIMIZATION_LEVEL = 0;
				GCC_PREPROCESSOR_DEFINITIONS = (
					"DEBUG=1",
					"$(inherited)",
				);
				GCC_WARN_64_TO_32_BIT_CONVERSION = YES;
				GCC_WARN_ABOUT_RETURN_TYPE = YES_ERROR;
				GCC_WARN_UNDECLARED_SELECTOR = YES;
				GCC_WARN_UNINITIALIZED_AUTOS = YES_AGGRESSIVE;
				GCC_WARN_UNUSED_FUNCTION = YES;
				GCC_WARN_UNUSED_VARIABLE = YES;
				IPHONEOS_DEPLOYMENT_TARGET = 11.4;
				MTL_ENABLE_DEBUG_INFO = YES;
				ONLY_ACTIVE_ARCH = YES;
				SDKROOT = iphoneos;
				SWIFT_ACTIVE_COMPILATION_CONDITIONS = DEBUG;
				SWIFT_OPTIMIZATION_LEVEL = "-Onone";
			};
			name = Debug;
		};
		CE049EE32204A65F0007DDDD /* Release */ = {
			isa = XCBuildConfiguration;
			buildSettings = {
				ALWAYS_SEARCH_USER_PATHS = NO;
				CLANG_ANALYZER_NONNULL = YES;
				CLANG_ANALYZER_NUMBER_OBJECT_CONVERSION = YES_AGGRESSIVE;
				CLANG_CXX_LANGUAGE_STANDARD = "gnu++14";
				CLANG_CXX_LIBRARY = "libc++";
				CLANG_ENABLE_MODULES = YES;
				CLANG_ENABLE_OBJC_ARC = YES;
				CLANG_ENABLE_OBJC_WEAK = YES;
				CLANG_WARN_BLOCK_CAPTURE_AUTORELEASING = YES;
				CLANG_WARN_BOOL_CONVERSION = YES;
				CLANG_WARN_COMMA = YES;
				CLANG_WARN_CONSTANT_CONVERSION = YES;
				CLANG_WARN_DEPRECATED_OBJC_IMPLEMENTATIONS = YES;
				CLANG_WARN_DIRECT_OBJC_ISA_USAGE = YES_ERROR;
				CLANG_WARN_DOCUMENTATION_COMMENTS = YES;
				CLANG_WARN_EMPTY_BODY = YES;
				CLANG_WARN_ENUM_CONVERSION = YES;
				CLANG_WARN_INFINITE_RECURSION = YES;
				CLANG_WARN_INT_CONVERSION = YES;
				CLANG_WARN_NON_LITERAL_NULL_CONVERSION = YES;
				CLANG_WARN_OBJC_IMPLICIT_RETAIN_SELF = YES;
				CLANG_WARN_OBJC_LITERAL_CONVERSION = YES;
				CLANG_WARN_OBJC_ROOT_CLASS = YES_ERROR;
				CLANG_WARN_RANGE_LOOP_ANALYSIS = YES;
				CLANG_WARN_STRICT_PROTOTYPES = YES;
				CLANG_WARN_SUSPICIOUS_MOVE = YES;
				CLANG_WARN_UNGUARDED_AVAILABILITY = YES_AGGRESSIVE;
				CLANG_WARN_UNREACHABLE_CODE = YES;
				CLANG_WARN__DUPLICATE_METHOD_MATCH = YES;
				CODE_SIGN_IDENTITY = "iPhone Developer";
				COPY_PHASE_STRIP = NO;
				DEBUG_INFORMATION_FORMAT = "dwarf-with-dsym";
				ENABLE_NS_ASSERTIONS = NO;
				ENABLE_STRICT_OBJC_MSGSEND = YES;
				GCC_C_LANGUAGE_STANDARD = gnu11;
				GCC_NO_COMMON_BLOCKS = YES;
				GCC_WARN_64_TO_32_BIT_CONVERSION = YES;
				GCC_WARN_ABOUT_RETURN_TYPE = YES_ERROR;
				GCC_WARN_UNDECLARED_SELECTOR = YES;
				GCC_WARN_UNINITIALIZED_AUTOS = YES_AGGRESSIVE;
				GCC_WARN_UNUSED_FUNCTION = YES;
				GCC_WARN_UNUSED_VARIABLE = YES;
				IPHONEOS_DEPLOYMENT_TARGET = 11.4;
				MTL_ENABLE_DEBUG_INFO = NO;
				SDKROOT = iphoneos;
				SWIFT_COMPILATION_MODE = wholemodule;
				SWIFT_OPTIMIZATION_LEVEL = "-O";
				VALIDATE_PRODUCT = YES;
			};
			name = Release;
		};
		CE049EE52204A65F0007DDDD /* Debug */ = {
			isa = XCBuildConfiguration;
			buildSettings = {
				ASSETCATALOG_COMPILER_APPICON_NAME = AppIcon;
				CODE_SIGN_STYLE = Automatic;
				DEVELOPMENT_TEAM = MKCXG9MS9M;
				INFOPLIST_FILE = CallAndSmsDemo/Info.plist;
				LD_RUNPATH_SEARCH_PATHS = (
					"$(inherited)",
					"@executable_path/Frameworks",
				);
				PRODUCT_BUNDLE_IDENTIFIER = com.manna.www.CallAndSmsDemo;
				PRODUCT_NAME = "$(TARGET_NAME)";
				SWIFT_VERSION = 4.0;
				TARGETED_DEVICE_FAMILY = "1,2";
			};
			name = Debug;
		};
		CE049EE62204A65F0007DDDD /* Release */ = {
			isa = XCBuildConfiguration;
			buildSettings = {
				ASSETCATALOG_COMPILER_APPICON_NAME = AppIcon;
				CODE_SIGN_STYLE = Automatic;
				DEVELOPMENT_TEAM = MKCXG9MS9M;
				INFOPLIST_FILE = CallAndSmsDemo/Info.plist;
				LD_RUNPATH_SEARCH_PATHS = (
					"$(inherited)",
					"@executable_path/Frameworks",
				);
				PRODUCT_BUNDLE_IDENTIFIER = com.manna.www.CallAndSmsDemo;
				PRODUCT_NAME = "$(TARGET_NAME)";
				SWIFT_VERSION = 4.0;
				TARGETED_DEVICE_FAMILY = "1,2";
			};
			name = Release;
		};
		CE049EE82204A65F0007DDDD /* Debug */ = {
			isa = XCBuildConfiguration;
			buildSettings = {
				ALWAYS_EMBED_SWIFT_STANDARD_LIBRARIES = YES;
				BUNDLE_LOADER = "$(TEST_HOST)";
				CODE_SIGN_STYLE = Automatic;
				DEVELOPMENT_TEAM = MKCXG9MS9M;
				INFOPLIST_FILE = CallAndSmsDemoTests/Info.plist;
				LD_RUNPATH_SEARCH_PATHS = (
					"$(inherited)",
					"@executable_path/Frameworks",
					"@loader_path/Frameworks",
				);
				PRODUCT_BUNDLE_IDENTIFIER = com.manna.www.CallAndSmsDemoTests;
				PRODUCT_NAME = "$(TARGET_NAME)";
				SWIFT_VERSION = 4.0;
				TARGETED_DEVICE_FAMILY = "1,2";
				TEST_HOST = "$(BUILT_PRODUCTS_DIR)/CallAndSmsDemo.app/CallAndSmsDemo";
			};
			name = Debug;
		};
		CE049EE92204A65F0007DDDD /* Release */ = {
			isa = XCBuildConfiguration;
			buildSettings = {
				ALWAYS_EMBED_SWIFT_STANDARD_LIBRARIES = YES;
				BUNDLE_LOADER = "$(TEST_HOST)";
				CODE_SIGN_STYLE = Automatic;
				DEVELOPMENT_TEAM = MKCXG9MS9M;
				INFOPLIST_FILE = CallAndSmsDemoTests/Info.plist;
				LD_RUNPATH_SEARCH_PATHS = (
					"$(inherited)",
					"@executable_path/Frameworks",
					"@loader_path/Frameworks",
				);
				PRODUCT_BUNDLE_IDENTIFIER = com.manna.www.CallAndSmsDemoTests;
				PRODUCT_NAME = "$(TARGET_NAME)";
				SWIFT_VERSION = 4.0;
				TARGETED_DEVICE_FAMILY = "1,2";
				TEST_HOST = "$(BUILT_PRODUCTS_DIR)/CallAndSmsDemo.app/CallAndSmsDemo";
			};
			name = Release;
		};
		CE049EEB2204A65F0007DDDD /* Debug */ = {
			isa = XCBuildConfiguration;
			buildSettings = {
				ALWAYS_EMBED_SWIFT_STANDARD_LIBRARIES = YES;
				CODE_SIGN_STYLE = Automatic;
				DEVELOPMENT_TEAM = MKCXG9MS9M;
				INFOPLIST_FILE = CallAndSmsDemoUITests/Info.plist;
				LD_RUNPATH_SEARCH_PATHS = (
					"$(inherited)",
					"@executable_path/Frameworks",
					"@loader_path/Frameworks",
				);
				PRODUCT_BUNDLE_IDENTIFIER = com.manna.www.CallAndSmsDemoUITests;
				PRODUCT_NAME = "$(TARGET_NAME)";
				SWIFT_VERSION = 4.0;
				TARGETED_DEVICE_FAMILY = "1,2";
				TEST_TARGET_NAME = CallAndSmsDemo;
			};
			name = Debug;
		};
		CE049EEC2204A65F0007DDDD /* Release */ = {
			isa = XCBuildConfiguration;
			buildSettings = {
				ALWAYS_EMBED_SWIFT_STANDARD_LIBRARIES = YES;
				CODE_SIGN_STYLE = Automatic;
				DEVELOPMENT_TEAM = MKCXG9MS9M;
				INFOPLIST_FILE = CallAndSmsDemoUITests/Info.plist;
				LD_RUNPATH_SEARCH_PATHS = (
					"$(inherited)",
					"@executable_path/Frameworks",
					"@loader_path/Frameworks",
				);
				PRODUCT_BUNDLE_IDENTIFIER = com.manna.www.CallAndSmsDemoUITests;
				PRODUCT_NAME = "$(TARGET_NAME)";
				SWIFT_VERSION = 4.0;
				TARGETED_DEVICE_FAMILY = "1,2";
				TEST_TARGET_NAME = CallAndSmsDemo;
			};
			name = Release;
		};
/* End XCBuildConfiguration section */

/* Begin XCConfigurationList section */
		CE049EB72204A65E0007DDDD /* Build configuration list for PBXProject "CallAndSmsDemo" */ = {
			isa = XCConfigurationList;
			buildConfigurations = (
				CE049EE22204A65F0007DDDD /* Debug */,
				CE049EE32204A65F0007DDDD /* Release */,
			);
			defaultConfigurationIsVisible = 0;
			defaultConfigurationName = Release;
		};
		CE049EE42204A65F0007DDDD /* Build configuration list for PBXNativeTarget "CallAndSmsDemo" */ = {
			isa = XCConfigurationList;
			buildConfigurations = (
				CE049EE52204A65F0007DDDD /* Debug */,
				CE049EE62204A65F0007DDDD /* Release */,
			);
			defaultConfigurationIsVisible = 0;
			defaultConfigurationName = Release;
		};
		CE049EE72204A65F0007DDDD /* Build configuration list for PBXNativeTarget "CallAndSmsDemoTests" */ = {
			isa = XCConfigurationList;
			buildConfigurations = (
				CE049EE82204A65F0007DDDD /* Debug */,
				CE049EE92204A65F0007DDDD /* Release */,
			);
			defaultConfigurationIsVisible = 0;
			defaultConfigurationName = Release;
		};
		CE049EEA2204A65F0007DDDD /* Build configuration list for PBXNativeTarget "CallAndSmsDemoUITests" */ = {
			isa = XCConfigurationList;
			buildConfigurations = (
				CE049EEB2204A65F0007DDDD /* Debug */,
				CE049EEC2204A65F0007DDDD /* Release */,
			);
			defaultConfigurationIsVisible = 0;
			defaultConfigurationName = Release;
		};
/* End XCConfigurationList section */
	};
	rootObject = CE049EB42204A65E0007DDDD /* Project object */;
}
